
Microsoft Visual Studio Solution File, Format Version 12.00
# Visual Studio Version 16
VisualStudioVersion = 16.0.31005.135
MinimumVisualStudioVersion = 10.0.40219.1
Project("{FAE04EC0-301F-11D3-BF4B-00C04F79EFBC}") = "RestaurantAPI ASP.NET Core", "RestaurantAPI ASP.NET Core\RestaurantAPI ASP.NET Core.csproj", "{756372EA-E095-490A-89F9-E5BA636E76A7}"
EndProject
Global
	GlobalSection(SolutionConfigurationPlatforms) = preSolution
		Debug|Any CPU = Debug|Any CPU
		Release|Any CPU = Release|Any CPU
	EndGlobalSection
	GlobalSection(ProjectConfigurationPlatforms) = postSolution
		{756372EA-E095-490A-89F9-E5BA636E76A7}.Debug|Any CPU.ActiveCfg = Debug|Any CPU
		{756372EA-E095-490A-89F9-E5BA636E76A7}.Debug|Any CPU.Build.0 = Debug|Any CPU
		{756372EA-E095-490A-89F9-E5BA636E76A7}.Release|Any CPU.ActiveCfg = Release|Any CPU
		{756372EA-E095-490A-89F9-E5BA636E76A7}.Release|Any CPU.Build.0 = Release|Any CPU
	EndGlobalSection
	GlobalSection(SolutionProperties) = preSolution
		HideSolutionNode = FALSE
	EndGlobalSection
	GlobalSection(ExtensibilityGlobals) = postSolution
		SolutionGuid = {3698CF4D-BCD6-4F4F-875E-00A245873DEF}
	EndGlobalSection
EndGlobal
